// !$*UTF8*$!
{
	archiveVersion = 1;
	classes = {
	};
	objectVersion = 56;
	objects = {

/* Begin PBXBuildFile section */
		107032DA2B36BF9000AE3114 /* AppDelegate.swift in Sources */ = {isa = PBXBuildFile; fileRef = 107032D92B36BF9000AE3114 /* AppDelegate.swift */; };
		107032DC2B36BF9000AE3114 /* SceneDelegate.swift in Sources */ = {isa = PBXBuildFile; fileRef = 107032DB2B36BF9000AE3114 /* SceneDelegate.swift */; };
		107032DE2B36BF9000AE3114 /* PostListViewController.swift in Sources */ = {isa = PBXBuildFile; fileRef = 107032DD2B36BF9000AE3114 /* PostListViewController.swift */; };
		107032E12B36BF9000AE3114 /* Main.storyboard in Resources */ = {isa = PBXBuildFile; fileRef = 107032DF2B36BF9000AE3114 /* Main.storyboard */; };
		107032E32B36BF9100AE3114 /* Assets.xcassets in Resources */ = {isa = PBXBuildFile; fileRef = 107032E22B36BF9100AE3114 /* Assets.xcassets */; };
		107032E62B36BF9100AE3114 /* LaunchScreen.storyboard in Resources */ = {isa = PBXBuildFile; fileRef = 107032E42B36BF9100AE3114 /* LaunchScreen.storyboard */; };
		107032F02B36C04800AE3114 /* PostListViewPresenter.swift in Sources */ = {isa = PBXBuildFile; fileRef = 107032EF2B36C04800AE3114 /* PostListViewPresenter.swift */; };
		107032F32B36C0F200AE3114 /* Post.swift in Sources */ = {isa = PBXBuildFile; fileRef = 107032F22B36C0F200AE3114 /* Post.swift */; };
		107032F52B36C1B000AE3114 /* Post + Data.swift in Sources */ = {isa = PBXBuildFile; fileRef = 107032F42B36C1B000AE3114 /* Post + Data.swift */; };
		107032FA2B36C31500AE3114 /* PostCell.swift in Sources */ = {isa = PBXBuildFile; fileRef = 107032F82B36C31500AE3114 /* PostCell.swift */; };
		107032FB2B36C31500AE3114 /* PostCell.xib in Resources */ = {isa = PBXBuildFile; fileRef = 107032F92B36C31500AE3114 /* PostCell.xib */; };
		107032FE2B36C54800AE3114 /* Extensions.swift in Sources */ = {isa = PBXBuildFile; fileRef = 107032FD2B36C54800AE3114 /* Extensions.swift */; };
		107033012B36C64B00AE3114 /* UserDefaultStorage.swift in Sources */ = {isa = PBXBuildFile; fileRef = 107033002B36C64B00AE3114 /* UserDefaultStorage.swift */; };
		107033052B36CAA600AE3114 /* CoreData.swift in Sources */ = {isa = PBXBuildFile; fileRef = 107033042B36CAA600AE3114 /* CoreData.swift */; };
		107033072B36CAC300AE3114 /* Log.swift in Sources */ = {isa = PBXBuildFile; fileRef = 107033062B36CAC300AE3114 /* Log.swift */; };
		107033092B36CAFB00AE3114 /* StorageError.swift in Sources */ = {isa = PBXBuildFile; fileRef = 107033082B36CAFB00AE3114 /* StorageError.swift */; };
		1070330C2B36CB2C00AE3114 /* Model.xcdatamodeld in Sources */ = {isa = PBXBuildFile; fileRef = 1070330A2B36CB2C00AE3114 /* Model.xcdatamodeld */; };
		1070330E2B36CB5200AE3114 /* Model.swift in Sources */ = {isa = PBXBuildFile; fileRef = 1070330D2B36CB5200AE3114 /* Model.swift */; };
		107033102B36CBE600AE3114 /* CoreDataStorage.swift in Sources */ = {isa = PBXBuildFile; fileRef = 1070330F2B36CBE600AE3114 /* CoreDataStorage.swift */; };
		107033122B36CC4100AE3114 /* CDPost + CoreData.swift in Sources */ = {isa = PBXBuildFile; fileRef = 107033112B36CC4100AE3114 /* CDPost + CoreData.swift */; };
		107F36A52B36D11E0051FF42 /* Api.swift in Sources */ = {isa = PBXBuildFile; fileRef = 107F36A42B36D11E0051FF42 /* Api.swift */; };
		107F36A72B36DDDD0051FF42 /* Storage.swift in Sources */ = {isa = PBXBuildFile; fileRef = 107F36A62B36DDDD0051FF42 /* Storage.swift */; };
/* End PBXBuildFile section */

/* Begin PBXFileReference section */
		107032D62B36BF9000AE3114 /* IosSolid.app */ = {isa = PBXFileReference; explicitFileType = wrapper.application; includeInIndex = 0; path = IosSolid.app; sourceTree = BUILT_PRODUCTS_DIR; };
		107032D92B36BF9000AE3114 /* AppDelegate.swift */ = {isa = PBXFileReference; lastKnownFileType = sourcecode.swift; path = AppDelegate.swift; sourceTree = "<group>"; };
		107032DB2B36BF9000AE3114 /* SceneDelegate.swift */ = {isa = PBXFileReference; lastKnownFileType = sourcecode.swift; path = SceneDelegate.swift; sourceTree = "<group>"; };
		107032DD2B36BF9000AE3114 /* PostListViewController.swift */ = {isa = PBXFileReference; lastKnownFileType = sourcecode.swift; path = PostListViewController.swift; sourceTree = "<group>"; };
		107032E02B36BF9000AE3114 /* Base */ = {isa = PBXFileReference; lastKnownFileType = file.storyboard; name = Base; path = Base.lproj/Main.storyboard; sourceTree = "<group>"; };
		107032E22B36BF9100AE3114 /* Assets.xcassets */ = {isa = PBXFileReference; lastKnownFileType = folder.assetcatalog; path = Assets.xcassets; sourceTree = "<group>"; };
		107032E52B36BF9100AE3114 /* Base */ = {isa = PBXFileReference; lastKnownFileType = file.storyboard; name = Base; path = Base.lproj/LaunchScreen.storyboard; sourceTree = "<group>"; };
		107032E72B36BF9100AE3114 /* Info.plist */ = {isa = PBXFileReference; lastKnownFileType = text.plist.xml; path = Info.plist; sourceTree = "<group>"; };
		107032EF2B36C04800AE3114 /* PostListViewPresenter.swift */ = {isa = PBXFileReference; lastKnownFileType = sourcecode.swift; path = PostListViewPresenter.swift; sourceTree = "<group>"; };
		107032F22B36C0F200AE3114 /* Post.swift */ = {isa = PBXFileReference; lastKnownFileType = sourcecode.swift; path = Post.swift; sourceTree = "<group>"; };
		107032F42B36C1B000AE3114 /* Post + Data.swift */ = {isa = PBXFileReference; lastKnownFileType = sourcecode.swift; path = "Post + Data.swift"; sourceTree = "<group>"; };
		107032F82B36C31500AE3114 /* PostCell.swift */ = {isa = PBXFileReference; lastKnownFileType = sourcecode.swift; path = PostCell.swift; sourceTree = "<group>"; };
		107032F92B36C31500AE3114 /* PostCell.xib */ = {isa = PBXFileReference; lastKnownFileType = file.xib; path = PostCell.xib; sourceTree = "<group>"; };
		107032FD2B36C54800AE3114 /* Extensions.swift */ = {isa = PBXFileReference; lastKnownFileType = sourcecode.swift; path = Extensions.swift; sourceTree = "<group>"; };
		107033002B36C64B00AE3114 /* UserDefaultStorage.swift */ = {isa = PBXFileReference; lastKnownFileType = sourcecode.swift; path = UserDefaultStorage.swift; sourceTree = "<group>"; };
		107033042B36CAA600AE3114 /* CoreData.swift */ = {isa = PBXFileReference; fileEncoding = 4; lastKnownFileType = sourcecode.swift; path = CoreData.swift; sourceTree = "<group>"; };
		107033062B36CAC300AE3114 /* Log.swift */ = {isa = PBXFileReference; fileEncoding = 4; lastKnownFileType = sourcecode.swift; path = Log.swift; sourceTree = "<group>"; };
		107033082B36CAFB00AE3114 /* StorageError.swift */ = {isa = PBXFileReference; lastKnownFileType = sourcecode.swift; path = StorageError.swift; sourceTree = "<group>"; };
		1070330B2B36CB2C00AE3114 /* Model.xcdatamodel */ = {isa = PBXFileReference; lastKnownFileType = wrapper.xcdatamodel; path = Model.xcdatamodel; sourceTree = "<group>"; };
		1070330D2B36CB5200AE3114 /* Model.swift */ = {isa = PBXFileReference; lastKnownFileType = sourcecode.swift; path = Model.swift; sourceTree = "<group>"; };
		1070330F2B36CBE600AE3114 /* CoreDataStorage.swift */ = {isa = PBXFileReference; lastKnownFileType = sourcecode.swift; path = CoreDataStorage.swift; sourceTree = "<group>"; };
		107033112B36CC4100AE3114 /* CDPost + CoreData.swift */ = {isa = PBXFileReference; lastKnownFileType = sourcecode.swift; path = "CDPost + CoreData.swift"; sourceTree = "<group>"; };
		107F36A42B36D11E0051FF42 /* Api.swift */ = {isa = PBXFileReference; lastKnownFileType = sourcecode.swift; path = Api.swift; sourceTree = "<group>"; };
		107F36A62B36DDDD0051FF42 /* Storage.swift */ = {isa = PBXFileReference; lastKnownFileType = sourcecode.swift; path = Storage.swift; sourceTree = "<group>"; };
/* End PBXFileReference section */

/* Begin PBXFrameworksBuildPhase section */
		107032D32B36BF9000AE3114 /* Frameworks */ = {
			isa = PBXFrameworksBuildPhase;
			buildActionMask = 2147483647;
			files = (
			);
			runOnlyForDeploymentPostprocessing = 0;
		};
/* End PBXFrameworksBuildPhase section */

/* Begin PBXGroup section */
		107032CD2B36BF9000AE3114 = {
			isa = PBXGroup;
			children = (
				107032D82B36BF9000AE3114 /* IosSolid */,
				107032D72B36BF9000AE3114 /* Products */,
			);
			sourceTree = "<group>";
		};
		107032D72B36BF9000AE3114 /* Products */ = {
			isa = PBXGroup;
			children = (
				107032D62B36BF9000AE3114 /* IosSolid.app */,
			);
			name = Products;
			sourceTree = "<group>";
		};
		107032D82B36BF9000AE3114 /* IosSolid */ = {
			isa = PBXGroup;
			children = (
				107F36A32B36D1140051FF42 /* Api */,
				107033032B36CA8200AE3114 /* CoreData */,
				107032FF2B36C63900AE3114 /* Storage */,
				107032FC2B36C53700AE3114 /* Extensions */,
				107032F62B36C30100AE3114 /* View */,
				107032F12B36C0E800AE3114 /* Model */,
				107032EE2B36C03D00AE3114 /* PostListViewController */,
				107032ED2B36BFAB00AE3114 /* Supporting Files */,
			);
			path = IosSolid;
			sourceTree = "<group>";
		};
		107032ED2B36BFAB00AE3114 /* Supporting Files */ = {
			isa = PBXGroup;
			children = (
				107032D92B36BF9000AE3114 /* AppDelegate.swift */,
				107032DB2B36BF9000AE3114 /* SceneDelegate.swift */,
				107032DF2B36BF9000AE3114 /* Main.storyboard */,
				107032E22B36BF9100AE3114 /* Assets.xcassets */,
				107032E42B36BF9100AE3114 /* LaunchScreen.storyboard */,
				107032E72B36BF9100AE3114 /* Info.plist */,
			);
			path = "Supporting Files";
			sourceTree = "<group>";
		};
		107032EE2B36C03D00AE3114 /* PostListViewController */ = {
			isa = PBXGroup;
			children = (
				107032EF2B36C04800AE3114 /* PostListViewPresenter.swift */,
				107032DD2B36BF9000AE3114 /* PostListViewController.swift */,
			);
			path = PostListViewController;
			sourceTree = "<group>";
		};
		107032F12B36C0E800AE3114 /* Model */ = {
			isa = PBXGroup;
			children = (
				107033062B36CAC300AE3114 /* Log.swift */,
				107032F22B36C0F200AE3114 /* Post.swift */,
				107032F42B36C1B000AE3114 /* Post + Data.swift */,
				1070330D2B36CB5200AE3114 /* Model.swift */,
			);
			path = Model;
			sourceTree = "<group>";
		};
		107032F62B36C30100AE3114 /* View */ = {
			isa = PBXGroup;
			children = (
				107032F72B36C30500AE3114 /* Xib */,
			);
			path = View;
			sourceTree = "<group>";
		};
		107032F72B36C30500AE3114 /* Xib */ = {
			isa = PBXGroup;
			children = (
				107032F82B36C31500AE3114 /* PostCell.swift */,
				107032F92B36C31500AE3114 /* PostCell.xib */,
			);
			path = Xib;
			sourceTree = "<group>";
		};
		107032FC2B36C53700AE3114 /* Extensions */ = {
			isa = PBXGroup;
			children = (
				107032FD2B36C54800AE3114 /* Extensions.swift */,
			);
			path = Extensions;
			sourceTree = "<group>";
		};
		107032FF2B36C63900AE3114 /* Storage */ = {
			isa = PBXGroup;
			children = (
				107033082B36CAFB00AE3114 /* StorageError.swift */,
				107F36A62B36DDDD0051FF42 /* Storage.swift */,
				107033002B36C64B00AE3114 /* UserDefaultStorage.swift */,
				1070330F2B36CBE600AE3114 /* CoreDataStorage.swift */,
			);
			path = Storage;
			sourceTree = "<group>";
		};
		107033032B36CA8200AE3114 /* CoreData */ = {
			isa = PBXGroup;
			children = (
				1070330A2B36CB2C00AE3114 /* Model.xcdatamodeld */,
				107033042B36CAA600AE3114 /* CoreData.swift */,
				107033112B36CC4100AE3114 /* CDPost + CoreData.swift */,
			);
			path = CoreData;
			sourceTree = "<group>";
		};
		107F36A32B36D1140051FF42 /* Api */ = {
			isa = PBXGroup;
			children = (
				107F36A42B36D11E0051FF42 /* Api.swift */,
			);
			path = Api;
			sourceTree = "<group>";
		};
/* End PBXGroup section */

/* Begin PBXNativeTarget section */
		107032D52B36BF9000AE3114 /* IosSolid */ = {
			isa = PBXNativeTarget;
			buildConfigurationList = 107032EA2B36BF9100AE3114 /* Build configuration list for PBXNativeTarget "IosSolid" */;
			buildPhases = (
				107032D22B36BF9000AE3114 /* Sources */,
				107032D32B36BF9000AE3114 /* Frameworks */,
				107032D42B36BF9000AE3114 /* Resources */,
			);
			buildRules = (
			);
			dependencies = (
			);
			name = IosSolid;
			productName = IosSolid;
			productReference = 107032D62B36BF9000AE3114 /* IosSolid.app */;
			productType = "com.apple.product-type.application";
		};
/* End PBXNativeTarget section */

/* Begin PBXProject section */
		107032CE2B36BF9000AE3114 /* Project object */ = {
			isa = PBXProject;
			attributes = {
				BuildIndependentTargetsInParallel = 1;
				LastSwiftUpdateCheck = 1420;
				LastUpgradeCheck = 1420;
				TargetAttributes = {
					107032D52B36BF9000AE3114 = {
						CreatedOnToolsVersion = 14.2;
					};
				};
			};
			buildConfigurationList = 107032D12B36BF9000AE3114 /* Build configuration list for PBXProject "IosSolid" */;
			compatibilityVersion = "Xcode 14.0";
			developmentRegion = en;
			hasScannedForEncodings = 0;
			knownRegions = (
				en,
				Base,
			);
			mainGroup = 107032CD2B36BF9000AE3114;
			productRefGroup = 107032D72B36BF9000AE3114 /* Products */;
			projectDirPath = "";
			projectRoot = "";
			targets = (
				107032D52B36BF9000AE3114 /* IosSolid */,
			);
		};
/* End PBXProject section */

/* Begin PBXResourcesBuildPhase section */
		107032D42B36BF9000AE3114 /* Resources */ = {
			isa = PBXResourcesBuildPhase;
			buildActionMask = 2147483647;
			files = (
				107032E62B36BF9100AE3114 /* LaunchScreen.storyboard in Resources */,
				107032E32B36BF9100AE3114 /* Assets.xcassets in Resources */,
				107032E12B36BF9000AE3114 /* Main.storyboard in Resources */,
				107032FB2B36C31500AE3114 /* PostCell.xib in Resources */,
			);
			runOnlyForDeploymentPostprocessing = 0;
		};
/* End PBXResourcesBuildPhase section */

/* Begin PBXSourcesBuildPhase section */
		107032D22B36BF9000AE3114 /* Sources */ = {
			isa = PBXSourcesBuildPhase;
			buildActionMask = 2147483647;
			files = (
				107033102B36CBE600AE3114 /* CoreDataStorage.swift in Sources */,
				107032FA2B36C31500AE3114 /* PostCell.swift in Sources */,
				107032DE2B36BF9000AE3114 /* PostListViewController.swift in Sources */,
				107033072B36CAC300AE3114 /* Log.swift in Sources */,
				107033122B36CC4100AE3114 /* CDPost + CoreData.swift in Sources */,
				107F36A72B36DDDD0051FF42 /* Storage.swift in Sources */,
				107F36A52B36D11E0051FF42 /* Api.swift in Sources */,
				107032DA2B36BF9000AE3114 /* AppDelegate.swift in Sources */,
				107032FE2B36C54800AE3114 /* Extensions.swift in Sources */,
				107033052B36CAA600AE3114 /* CoreData.swift in Sources */,
				107032DC2B36BF9000AE3114 /* SceneDelegate.swift in Sources */,
				1070330E2B36CB5200AE3114 /* Model.swift in Sources */,
				107032F52B36C1B000AE3114 /* Post + Data.swift in Sources */,
				107033092B36CAFB00AE3114 /* StorageError.swift in Sources */,
				107033012B36C64B00AE3114 /* UserDefaultStorage.swift in Sources */,
				107032F02B36C04800AE3114 /* PostListViewPresenter.swift in Sources */,
				1070330C2B36CB2C00AE3114 /* Model.xcdatamodeld in Sources */,
				107032F32B36C0F200AE3114 /* Post.swift in Sources */,
			);
			runOnlyForDeploymentPostprocessing = 0;
		};
/* End PBXSourcesBuildPhase section */

/* Begin PBXVariantGroup section */
		107032DF2B36BF9000AE3114 /* Main.storyboard */ = {
			isa = PBXVariantGroup;
			children = (
				107032E02B36BF9000AE3114 /* Base */,
			);
			name = Main.storyboard;
			sourceTree = "<group>";
		};
		107032E42B36BF9100AE3114 /* LaunchScreen.storyboard */ = {
			isa = PBXVariantGroup;
			children = (
				107032E52B36BF9100AE3114 /* Base */,
			);
			name = LaunchScreen.storyboard;
			sourceTree = "<group>";
		};
/* End PBXVariantGroup section */

/* Begin XCBuildConfiguration section */
		107032E82B36BF9100AE3114 /* Debug */ = {
			isa = XCBuildConfiguration;
			buildSettings = {
				ALWAYS_SEARCH_USER_PATHS = NO;
				CLANG_ANALYZER_NONNULL = YES;
				CLANG_ANALYZER_NUMBER_OBJECT_CONVERSION = YES_AGGRESSIVE;
				CLANG_CXX_LANGUAGE_STANDARD = "gnu++20";
				CLANG_ENABLE_MODULES = YES;
				CLANG_ENABLE_OBJC_ARC = YES;
				CLANG_ENABLE_OBJC_WEAK = YES;
				CLANG_WARN_BLOCK_CAPTURE_AUTORELEASING = YES;
				CLANG_WARN_BOOL_CONVERSION = YES;
				CLANG_WARN_COMMA = YES;
				CLANG_WARN_CONSTANT_CONVERSION = YES;
				CLANG_WARN_DEPRECATED_OBJC_IMPLEMENTATIONS = YES;
				CLANG_WARN_DIRECT_OBJC_ISA_USAGE = YES_ERROR;
				CLANG_WARN_DOCUMENTATION_COMMENTS = YES;
				CLANG_WARN_EMPTY_BODY = YES;
				CLANG_WARN_ENUM_CONVERSION = YES;
				CLANG_WARN_INFINITE_RECURSION = YES;
				CLANG_WARN_INT_CONVERSION = YES;
				CLANG_WARN_NON_LITERAL_NULL_CONVERSION = YES;
				CLANG_WARN_OBJC_IMPLICIT_RETAIN_SELF = YES;
				CLANG_WARN_OBJC_LITERAL_CONVERSION = YES;
				CLANG_WARN_OBJC_ROOT_CLASS = YES_ERROR;
				CLANG_WARN_QUOTED_INCLUDE_IN_FRAMEWORK_HEADER = YES;
				CLANG_WARN_RANGE_LOOP_ANALYSIS = YES;
				CLANG_WARN_STRICT_PROTOTYPES = YES;
				CLANG_WARN_SUSPICIOUS_MOVE = YES;
				CLANG_WARN_UNGUARDED_AVAILABILITY = YES_AGGRESSIVE;
				CLANG_WARN_UNREACHABLE_CODE = YES;
				CLANG_WARN__DUPLICATE_METHOD_MATCH = YES;
				COPY_PHASE_STRIP = NO;
				DEBUG_INFORMATION_FORMAT = dwarf;
				ENABLE_STRICT_OBJC_MSGSEND = YES;
				ENABLE_TESTABILITY = YES;
				GCC_C_LANGUAGE_STANDARD = gnu11;
				GCC_DYNAMIC_NO_PIC = NO;
				GCC_NO_COMMON_BLOCKS = YES;
				GCC_OPTIMIZATION_LEVEL = 0;
				GCC_PREPROCESSOR_DEFINITIONS = (
					"DEBUG=1",
					"$(inherited)",
				);
				GCC_WARN_64_TO_32_BIT_CONVERSION = YES;
				GCC_WARN_ABOUT_RETURN_TYPE = YES_ERROR;
				GCC_WARN_UNDECLARED_SELECTOR = YES;
				GCC_WARN_UNINITIALIZED_AUTOS = YES_AGGRESSIVE;
				GCC_WARN_UNUSED_FUNCTION = YES;
				GCC_WARN_UNUSED_VARIABLE = YES;
				IPHONEOS_DEPLOYMENT_TARGET = 16.2;
				MTL_ENABLE_DEBUG_INFO = INCLUDE_SOURCE;
				MTL_FAST_MATH = YES;
				ONLY_ACTIVE_ARCH = YES;
				SDKROOT = iphoneos;
				SWIFT_ACTIVE_COMPILATION_CONDITIONS = DEBUG;
				SWIFT_OPTIMIZATION_LEVEL = "-Onone";
			};
			name = Debug;
		};
		107032E92B36BF9100AE3114 /* Release */ = {
			isa = XCBuildConfiguration;
			buildSettings = {
				ALWAYS_SEARCH_USER_PATHS = NO;
				CLANG_ANALYZER_NONNULL = YES;
				CLANG_ANALYZER_NUMBER_OBJECT_CONVERSION = YES_AGGRESSIVE;
				CLANG_CXX_LANGUAGE_STANDARD = "gnu++20";
				CLANG_ENABLE_MODULES = YES;
				CLANG_ENABLE_OBJC_ARC = YES;
				CLANG_ENABLE_OBJC_WEAK = YES;
				CLANG_WARN_BLOCK_CAPTURE_AUTORELEASING = YES;
				CLANG_WARN_BOOL_CONVERSION = YES;
				CLANG_WARN_COMMA = YES;
				CLANG_WARN_CONSTANT_CONVERSION = YES;
				CLANG_WARN_DEPRECATED_OBJC_IMPLEMENTATIONS = YES;
				CLANG_WARN_DIRECT_OBJC_ISA_USAGE = YES_ERROR;
				CLANG_WARN_DOCUMENTATION_COMMENTS = YES;
				CLANG_WARN_EMPTY_BODY = YES;
				CLANG_WARN_ENUM_CONVERSION = YES;
				CLANG_WARN_INFINITE_RECURSION = YES;
				CLANG_WARN_INT_CONVERSION = YES;
				CLANG_WARN_NON_LITERAL_NULL_CONVERSION = YES;
				CLANG_WARN_OBJC_IMPLICIT_RETAIN_SELF = YES;
				CLANG_WARN_OBJC_LITERAL_CONVERSION = YES;
				CLANG_WARN_OBJC_ROOT_CLASS = YES_ERROR;
				CLANG_WARN_QUOTED_INCLUDE_IN_FRAMEWORK_HEADER = YES;
				CLANG_WARN_RANGE_LOOP_ANALYSIS = YES;
				CLANG_WARN_STRICT_PROTOTYPES = YES;
				CLANG_WARN_SUSPICIOUS_MOVE = YES;
				CLANG_WARN_UNGUARDED_AVAILABILITY = YES_AGGRESSIVE;
				CLANG_WARN_UNREACHABLE_CODE = YES;
				CLANG_WARN__DUPLICATE_METHOD_MATCH = YES;
				COPY_PHASE_STRIP = NO;
				DEBUG_INFORMATION_FORMAT = "dwarf-with-dsym";
				ENABLE_NS_ASSERTIONS = NO;
				ENABLE_STRICT_OBJC_MSGSEND = YES;
				GCC_C_LANGUAGE_STANDARD = gnu11;
				GCC_NO_COMMON_BLOCKS = YES;
				GCC_WARN_64_TO_32_BIT_CONVERSION = YES;
				GCC_WARN_ABOUT_RETURN_TYPE = YES_ERROR;
				GCC_WARN_UNDECLARED_SELECTOR = YES;
				GCC_WARN_UNINITIALIZED_AUTOS = YES_AGGRESSIVE;
				GCC_WARN_UNUSED_FUNCTION = YES;
				GCC_WARN_UNUSED_VARIABLE = YES;
				IPHONEOS_DEPLOYMENT_TARGET = 16.2;
				MTL_ENABLE_DEBUG_INFO = NO;
				MTL_FAST_MATH = YES;
				SDKROOT = iphoneos;
				SWIFT_COMPILATION_MODE = wholemodule;
				SWIFT_OPTIMIZATION_LEVEL = "-O";
				VALIDATE_PRODUCT = YES;
			};
			name = Release;
		};
		107032EB2B36BF9100AE3114 /* Debug */ = {
			isa = XCBuildConfiguration;
			buildSettings = {
				ASSETCATALOG_COMPILER_APPICON_NAME = AppIcon;
				ASSETCATALOG_COMPILER_GLOBAL_ACCENT_COLOR_NAME = AccentColor;
				CODE_SIGN_STYLE = Automatic;
				CURRENT_PROJECT_VERSION = 1;
				DEVELOPMENT_TEAM = KTV28US9SX;
				GENERATE_INFOPLIST_FILE = YES;
				INFOPLIST_FILE = "IosSolid/Supporting Files/Info.plist";
				INFOPLIST_KEY_UIApplicationSupportsIndirectInputEvents = YES;
				INFOPLIST_KEY_UILaunchStoryboardName = LaunchScreen;
				INFOPLIST_KEY_UIMainStoryboardFile = Main;
				INFOPLIST_KEY_UISupportedInterfaceOrientations_iPad = "UIInterfaceOrientationPortrait UIInterfaceOrientationPortraitUpsideDown UIInterfaceOrientationLandscapeLeft UIInterfaceOrientationLandscapeRight";
				INFOPLIST_KEY_UISupportedInterfaceOrientations_iPhone = "UIInterfaceOrientationPortrait UIInterfaceOrientationLandscapeLeft UIInterfaceOrientationLandscapeRight";
				LD_RUNPATH_SEARCH_PATHS = (
					"$(inherited)",
					"@executable_path/Frameworks",
				);
				MARKETING_VERSION = 1.0;
				PRODUCT_BUNDLE_IDENTIFIER = com.sapgv.IosSolid;
				PRODUCT_NAME = "$(TARGET_NAME)";
				SWIFT_EMIT_LOC_STRINGS = YES;
				SWIFT_VERSION = 5.0;
				TARGETED_DEVICE_FAMILY = "1,2";
			};
			name = Debug;
		};
		107032EC2B36BF9100AE3114 /* Release */ = {
			isa = XCBuildConfiguration;
			buildSettings = {
				ASSETCATALOG_COMPILER_APPICON_NAME = AppIcon;
				ASSETCATALOG_COMPILER_GLOBAL_ACCENT_COLOR_NAME = AccentColor;
				CODE_SIGN_STYLE = Automatic;
				CURRENT_PROJECT_VERSION = 1;
				DEVELOPMENT_TEAM = KTV28US9SX;
				GENERATE_INFOPLIST_FILE = YES;
				INFOPLIST_FILE = "IosSolid/Supporting Files/Info.plist";
				INFOPLIST_KEY_UIApplicationSupportsIndirectInputEvents = YES;
				INFOPLIST_KEY_UILaunchStoryboardName = LaunchScreen;
				INFOPLIST_KEY_UIMainStoryboardFile = Main;
				INFOPLIST_KEY_UISupportedInterfaceOrientations_iPad = "UIInterfaceOrientationPortrait UIInterfaceOrientationPortraitUpsideDown UIInterfaceOrientationLandscapeLeft UIInterfaceOrientationLandscapeRight";
				INFOPLIST_KEY_UISupportedInterfaceOrientations_iPhone = "UIInterfaceOrientationPortrait UIInterfaceOrientationLandscapeLeft UIInterfaceOrientationLandscapeRight";
				LD_RUNPATH_SEARCH_PATHS = (
					"$(inherited)",
					"@executable_path/Frameworks",
				);
				MARKETING_VERSION = 1.0;
				PRODUCT_BUNDLE_IDENTIFIER = com.sapgv.IosSolid;
				PRODUCT_NAME = "$(TARGET_NAME)";
				SWIFT_EMIT_LOC_STRINGS = YES;
				SWIFT_VERSION = 5.0;
				TARGETED_DEVICE_FAMILY = "1,2";
			};
			name = Release;
		};
/* End XCBuildConfiguration section */

/* Begin XCConfigurationList section */
		107032D12B36BF9000AE3114 /* Build configuration list for PBXProject "IosSolid" */ = {
			isa = XCConfigurationList;
			buildConfigurations = (
				107032E82B36BF9100AE3114 /* Debug */,
				107032E92B36BF9100AE3114 /* Release */,
			);
			defaultConfigurationIsVisible = 0;
			defaultConfigurationName = Release;
		};
		107032EA2B36BF9100AE3114 /* Build configuration list for PBXNativeTarget "IosSolid" */ = {
			isa = XCConfigurationList;
			buildConfigurations = (
				107032EB2B36BF9100AE3114 /* Debug */,
				107032EC2B36BF9100AE3114 /* Release */,
			);
			defaultConfigurationIsVisible = 0;
			defaultConfigurationName = Release;
		};
/* End XCConfigurationList section */

/* Begin XCVersionGroup section */
		1070330A2B36CB2C00AE3114 /* Model.xcdatamodeld */ = {
			isa = XCVersionGroup;
			children = (
				1070330B2B36CB2C00AE3114 /* Model.xcdatamodel */,
			);
			currentVersion = 1070330B2B36CB2C00AE3114 /* Model.xcdatamodel */;
			path = Model.xcdatamodeld;
			sourceTree = "<group>";
			versionGroupType = wrapper.xcdatamodel;
		};
/* End XCVersionGroup section */
	};
	rootObject = 107032CE2B36BF9000AE3114 /* Project object */;
}
